{
  "name": "gas-sns-board",
  "version": "1.0.0",
  "lockfileVersion": 2,
  "requires": true,
  "packages": {
    "": {
      "name": "gas-sns-board",
      "version": "1.0.0",
      "license": "ISC",
      "dependencies": {
        "@types/google-apps-script": "^1.0.56"
      }
    },
    "node_modules/@types/google-apps-script": {
      "version": "1.0.56",
      "resolved": "https://registry.npmjs.org/@types/google-apps-script/-/google-apps-script-1.0.56.tgz",
      "integrity": "sha512-3YGOtRlnWPSARl/n2BKt0qiIA6Y3/5BLC2zH9s/jcu+1rpxR07noLCFxTZ2BQBIfDl6+Vs9iKjLTgdbbL8q/mg=="
    }
  },
  "dependencies": {
    "@types/google-apps-script": {
      "version": "1.0.56",
      "resolved": "https://registry.npmjs.org/@types/google-apps-script/-/google-apps-script-1.0.56.tgz",
      "integrity": "sha512-3YGOtRlnWPSARl/n2BKt0qiIA6Y3/5BLC2zH9s/jcu+1rpxR07noLCFxTZ2BQBIfDl6+Vs9iKjLTgdbbL8q/mg=="
    }
  }
}
